// !$*UTF8*$!
{
	archiveVersion = 1;
	classes = {
	};
	objectVersion = 52;
	objects = {

/* Begin PBXBuildFile section */
		2E28A2B129AE26A921DC557D /* Pods_tent_ios.framework in Frameworks */ = {isa = PBXBuildFile; fileRef = 51C3FB8191D010CACF06DC68 /* Pods_tent_ios.framework */; };
		4C06CC9C237FA2E700201425 /* LoadingView.swift in Sources */ = {isa = PBXBuildFile; fileRef = 4C06CC9B237FA2E700201425 /* LoadingView.swift */; };
		4C06CCB2237FAC6E00201425 /* TentLocation.swift in Sources */ = {isa = PBXBuildFile; fileRef = 4C06CCB1237FAC6E00201425 /* TentLocation.swift */; };
		4C0F619F2353EF1D00A56D14 /* UploadManager.swift in Sources */ = {isa = PBXBuildFile; fileRef = 4C0F619E2353EF1D00A56D14 /* UploadManager.swift */; };
		4C28D22A23776B9A00C1B8BF /* CreationView.swift in Sources */ = {isa = PBXBuildFile; fileRef = 4C28D22923776B9A00C1B8BF /* CreationView.swift */; };
		4C28D24023776E6800C1B8BF /* MapView.swift in Sources */ = {isa = PBXBuildFile; fileRef = 4C28D23F23776E6800C1B8BF /* MapView.swift */; };
		4C28D26C2377E89D00C1B8BF /* LocationService.swift in Sources */ = {isa = PBXBuildFile; fileRef = 4C28D26B2377E89D00C1B8BF /* LocationService.swift */; };
		4C92D77A2355860A00646CFB /* GalleryView.swift in Sources */ = {isa = PBXBuildFile; fileRef = 4C92D7792355860A00646CFB /* GalleryView.swift */; };
		4C92D78C23558BFF00646CFB /* TentContent.swift in Sources */ = {isa = PBXBuildFile; fileRef = 4C92D78B23558BFF00646CFB /* TentContent.swift */; };
		4C92D790235596A400646CFB /* KingfisherSwiftUI in Frameworks */ = {isa = PBXBuildFile; productRef = 4C92D78F235596A400646CFB /* KingfisherSwiftUI */; };
		4C92D792235596A400646CFB /* Kingfisher in Frameworks */ = {isa = PBXBuildFile; productRef = 4C92D791235596A400646CFB /* Kingfisher */; };
		4C9C5B24237513C300B0C315 /* TentConfig.swift in Sources */ = {isa = PBXBuildFile; fileRef = 4C9C5B23237513C300B0C315 /* TentConfig.swift */; };
		4CAC58E02353AD2100184DEE /* Camera.swift in Sources */ = {isa = PBXBuildFile; fileRef = 4CAC58DF2353AD2100184DEE /* Camera.swift */; };
		4CAC58E22353DE4700184DEE /* GoogleService-Info.plist in Resources */ = {isa = PBXBuildFile; fileRef = 4CAC58E12353DE4700184DEE /* GoogleService-Info.plist */; };
		4CC0870D2352D5070086A5B0 /* AppDelegate.swift in Sources */ = {isa = PBXBuildFile; fileRef = 4CC0870C2352D5070086A5B0 /* AppDelegate.swift */; };
		4CC0870F2352D5070086A5B0 /* SceneDelegate.swift in Sources */ = {isa = PBXBuildFile; fileRef = 4CC0870E2352D5070086A5B0 /* SceneDelegate.swift */; };
		4CC087112352D5070086A5B0 /* ContentView.swift in Sources */ = {isa = PBXBuildFile; fileRef = 4CC087102352D5070086A5B0 /* ContentView.swift */; };
		4CC087132352D5090086A5B0 /* Assets.xcassets in Resources */ = {isa = PBXBuildFile; fileRef = 4CC087122352D5090086A5B0 /* Assets.xcassets */; };
		4CC087162352D5090086A5B0 /* Preview Assets.xcassets in Resources */ = {isa = PBXBuildFile; fileRef = 4CC087152352D5090086A5B0 /* Preview Assets.xcassets */; };
		4CC087192352D5090086A5B0 /* LaunchScreen.storyboard in Resources */ = {isa = PBXBuildFile; fileRef = 4CC087172352D5090086A5B0 /* LaunchScreen.storyboard */; };
		4CC087212352DE860086A5B0 /* CameraView.swift in Sources */ = {isa = PBXBuildFile; fileRef = 4CC087202352DE860086A5B0 /* CameraView.swift */; };
		4CFA82FF2373CF5A005348A3 /* JoinView.swift in Sources */ = {isa = PBXBuildFile; fileRef = 4CFA82FE2373CF5A005348A3 /* JoinView.swift */; };
		4CFA83122373DA63005348A3 /* TentManager.swift in Sources */ = {isa = PBXBuildFile; fileRef = 4CFA83112373DA63005348A3 /* TentManager.swift */; };
		9013C01423D291630091BE73 /* MenuButton.swift in Sources */ = {isa = PBXBuildFile; fileRef = 9013C01323D291630091BE73 /* MenuButton.swift */; };
		901B864023C801750095C0F8 /* CameraSnapView.swift in Sources */ = {isa = PBXBuildFile; fileRef = 901B863F23C801750095C0F8 /* CameraSnapView.swift */; };
		9045E4D823D961AA00CE5618 /* TentData.swift in Sources */ = {isa = PBXBuildFile; fileRef = 9045E4D723D961AA00CE5618 /* TentData.swift */; };
		9045E4DA23D9735B00CE5618 /* MapView2.swift in Sources */ = {isa = PBXBuildFile; fileRef = 9045E4D923D9735B00CE5618 /* MapView2.swift */; };
		906BEE2223E14CA1008CB805 /* CameraKit.swift in Sources */ = {isa = PBXBuildFile; fileRef = 906BEE2123E14CA1008CB805 /* CameraKit.swift */; };
		906BEE4223E14D1B008CB805 /* CameraKitView.swift in Sources */ = {isa = PBXBuildFile; fileRef = 906BEE4123E14D1B008CB805 /* CameraKitView.swift */; };
		9072821A23D69AD40091BE14 /* TentInfoComponent.swift in Sources */ = {isa = PBXBuildFile; fileRef = 9072821923D69AD40091BE14 /* TentInfoComponent.swift */; };
		9072823723D6B2D30091BE14 /* InfoView.swift in Sources */ = {isa = PBXBuildFile; fileRef = 9072823623D6B2D30091BE14 /* InfoView.swift */; };
		907A4A1423DD72000090AD6A /* ColumnStack.swift in Sources */ = {isa = PBXBuildFile; fileRef = 907A4A1223DD72000090AD6A /* ColumnStack.swift */; };
		907A4A1523DD72000090AD6A /* RowStack.swift in Sources */ = {isa = PBXBuildFile; fileRef = 907A4A1323DD72000090AD6A /* RowStack.swift */; };
		907CE19F23DE956D00FF2E14 /* CanvasView.swift in Sources */ = {isa = PBXBuildFile; fileRef = 907CE19E23DE956D00FF2E14 /* CanvasView.swift */; };
		907CE1A123DE99A900FF2E14 /* Canvas.swift in Sources */ = {isa = PBXBuildFile; fileRef = 907CE1A023DE99A900FF2E14 /* Canvas.swift */; };
		90A4CC4123DAF42700F049F1 /* AlertService.swift in Sources */ = {isa = PBXBuildFile; fileRef = 90A4CC4023DAF42700F049F1 /* AlertService.swift */; };
		90BC414B23DADDF400C3FA41 /* noLabels.json in Resources */ = {isa = PBXBuildFile; fileRef = 90BC414A23DADDF400C3FA41 /* noLabels.json */; };
		90C47F3323DC244B00B0A23D /* TentGallery.swift in Sources */ = {isa = PBXBuildFile; fileRef = 90C47F3223DC244B00B0A23D /* TentGallery.swift */; };
		90C47F5023DC25EC00B0A23D /* Tentimage.swift in Sources */ = {isa = PBXBuildFile; fileRef = 90C47F4F23DC25EC00B0A23D /* Tentimage.swift */; };
		90C47F5223DCD9E400B0A23D /* TImage.swift in Sources */ = {isa = PBXBuildFile; fileRef = 90C47F5123DCD9E400B0A23D /* TImage.swift */; };
		90E60D30238122E900C6E502 /* BlurView.swift in Sources */ = {isa = PBXBuildFile; fileRef = 90E60D2F238122E900C6E502 /* BlurView.swift */; };
		90EA973423D98CF600FFBEF4 /* LoadingViewService.swift in Sources */ = {isa = PBXBuildFile; fileRef = 90EA973323D98CF600FFBEF4 /* LoadingViewService.swift */; };
		90F9983A23D423C300B4C2C6 /* BlurContainer.swift in Sources */ = {isa = PBXBuildFile; fileRef = 90F9983923D423C300B4C2C6 /* BlurContainer.swift */; };
/* End PBXBuildFile section */

/* Begin PBXContainerItemProxy section */
		4C0F61B323543DE100A56D14 /* PBXContainerItemProxy */ = {
			isa = PBXContainerItemProxy;
			containerPortal = 4C0F61A023543DE100A56D14 /* Pods.xcodeproj */;
			proxyType = 2;
			remoteGlobalIDString = 69B64D2F3250B55EF6CCEA5BD4B34413;
			remoteInfo = "BoringSSL-GRPC";
		};
		4C0F61B523543DE100A56D14 /* PBXContainerItemProxy */ = {
			isa = PBXContainerItemProxy;
			containerPortal = 4C0F61A023543DE100A56D14 /* Pods.xcodeproj */;
			proxyType = 2;
			remoteGlobalIDString = B7E68225276D0652C3C8CC82D0842345;
			remoteInfo = FirebaseAuth;
		};
		4C0F61B723543DE100A56D14 /* PBXContainerItemProxy */ = {
			isa = PBXContainerItemProxy;
			containerPortal = 4C0F61A023543DE100A56D14 /* Pods.xcodeproj */;
			proxyType = 2;
			remoteGlobalIDString = C8C28D96554FB979F88838EB3F8CF1B0;
			remoteInfo = FirebaseCore;
		};
		4C0F61B923543DE100A56D14 /* PBXContainerItemProxy */ = {
			isa = PBXContainerItemProxy;
			containerPortal = 4C0F61A023543DE100A56D14 /* Pods.xcodeproj */;
			proxyType = 2;
			remoteGlobalIDString = 91526DF345802F8D5BD3CE869ED121B9;
			remoteInfo = FirebaseFirestore;
		};
		4C0F61BB23543DE100A56D14 /* PBXContainerItemProxy */ = {
			isa = PBXContainerItemProxy;
			containerPortal = 4C0F61A023543DE100A56D14 /* Pods.xcodeproj */;
			proxyType = 2;
			remoteGlobalIDString = 1C5273FC6D3CB12618763DB855FDDC77;
			remoteInfo = FirebaseInstanceID;
		};
		4C0F61BD23543DE100A56D14 /* PBXContainerItemProxy */ = {
			isa = PBXContainerItemProxy;
			containerPortal = 4C0F61A023543DE100A56D14 /* Pods.xcodeproj */;
			proxyType = 2;
			remoteGlobalIDString = C006C1FCAE1142248285D109D3DDC30B;
			remoteInfo = FirebaseStorage;
		};
		4C0F61BF23543DE100A56D14 /* PBXContainerItemProxy */ = {
			isa = PBXContainerItemProxy;
			containerPortal = 4C0F61A023543DE100A56D14 /* Pods.xcodeproj */;
			proxyType = 2;
			remoteGlobalIDString = BE72D016B7BDC3EC62011BDF22A96A1F;
			remoteInfo = GoogleDataTransport;
		};
		4C0F61C123543DE100A56D14 /* PBXContainerItemProxy */ = {
			isa = PBXContainerItemProxy;
			containerPortal = 4C0F61A023543DE100A56D14 /* Pods.xcodeproj */;
			proxyType = 2;
			remoteGlobalIDString = 4E2FF69F9BFFEF93658C9ED6BC4A36B8;
			remoteInfo = GoogleUtilities;
		};
		4C0F61C323543DE100A56D14 /* PBXContainerItemProxy */ = {
			isa = PBXContainerItemProxy;
			containerPortal = 4C0F61A023543DE100A56D14 /* Pods.xcodeproj */;
			proxyType = 2;
			remoteGlobalIDString = 90A5F83ABD26CE5AE2D178B1CA6A0177;
			remoteInfo = "gRPC-C++";
		};
		4C0F61C523543DE100A56D14 /* PBXContainerItemProxy */ = {
			isa = PBXContainerItemProxy;
			containerPortal = 4C0F61A023543DE100A56D14 /* Pods.xcodeproj */;
			proxyType = 2;
			remoteGlobalIDString = FC1BE5C99F016FE2233CF41BC201CF37;
			remoteInfo = "gRPC-C++-gRPCCertificates-Cpp";
		};
		4C0F61C723543DE100A56D14 /* PBXContainerItemProxy */ = {
			isa = PBXContainerItemProxy;
			containerPortal = 4C0F61A023543DE100A56D14 /* Pods.xcodeproj */;
			proxyType = 2;
			remoteGlobalIDString = 3FDFE035CA2E530ED09063EF6B1F1973;
			remoteInfo = "gRPC-Core";
		};
		4C0F61C923543DE100A56D14 /* PBXContainerItemProxy */ = {
			isa = PBXContainerItemProxy;
			containerPortal = 4C0F61A023543DE100A56D14 /* Pods.xcodeproj */;
			proxyType = 2;
			remoteGlobalIDString = 9D8AA6C375608BD2C6BB88F97B3A8F59;
			remoteInfo = GTMSessionFetcher;
		};
		4C0F61CB23543DE100A56D14 /* PBXContainerItemProxy */ = {
			isa = PBXContainerItemProxy;
			containerPortal = 4C0F61A023543DE100A56D14 /* Pods.xcodeproj */;
			proxyType = 2;
			remoteGlobalIDString = 66A700CE48DC384127247FF0549D3BAC;
			remoteInfo = "leveldb-library";
		};
		4C0F61CD23543DE100A56D14 /* PBXContainerItemProxy */ = {
			isa = PBXContainerItemProxy;
			containerPortal = 4C0F61A023543DE100A56D14 /* Pods.xcodeproj */;
			proxyType = 2;
			remoteGlobalIDString = 308680E27FD7E55731287E25B7C6E02C;
			remoteInfo = nanopb;
		};
		4C0F61CF23543DE100A56D14 /* PBXContainerItemProxy */ = {
			isa = PBXContainerItemProxy;
			containerPortal = 4C0F61A023543DE100A56D14 /* Pods.xcodeproj */;
			proxyType = 2;
			remoteGlobalIDString = 1541500309E2A5B8DC811F8071045463;
			remoteInfo = "Pods-tent_ios";
		};
		4C0F61D123543DE100A56D14 /* PBXContainerItemProxy */ = {
			isa = PBXContainerItemProxy;
			containerPortal = 4C0F61A023543DE100A56D14 /* Pods.xcodeproj */;
			proxyType = 2;
			remoteGlobalIDString = 71D4DFA6514C7326E5BFAA3F98E85ACB;
			remoteInfo = Protobuf;
		};
		4CFA83262373DA63005348A3 /* PBXContainerItemProxy */ = {
			isa = PBXContainerItemProxy;
			containerPortal = 4C0F61A023543DE100A56D14 /* Pods.xcodeproj */;
			proxyType = 2;
			remoteGlobalIDString = 312E2B3345BBE59AF90180E3376F7A17;
			remoteInfo = FirebaseCoreDiagnostics;
		};
		4CFA83282373DA63005348A3 /* PBXContainerItemProxy */ = {
			isa = PBXContainerItemProxy;
			containerPortal = 4C0F61A023543DE100A56D14 /* Pods.xcodeproj */;
			proxyType = 2;
			remoteGlobalIDString = 054B63379A8AAF494FEC445E04F54291;
			remoteInfo = FirebaseFunctions;
		};
		4CFA832A2373DA63005348A3 /* PBXContainerItemProxy */ = {
			isa = PBXContainerItemProxy;
			containerPortal = 4C0F61A023543DE100A56D14 /* Pods.xcodeproj */;
			proxyType = 2;
			remoteGlobalIDString = 3096971131C78B2D3F13DD28399BCA73;
			remoteInfo = GoogleDataTransportCCTSupport;
		};
		901B865C23C801760095C0F8 /* PBXContainerItemProxy */ = {
			isa = PBXContainerItemProxy;
			containerPortal = 4C0F61A023543DE100A56D14 /* Pods.xcodeproj */;
			proxyType = 2;
			remoteGlobalIDString = D0A70003FD5E49B30CA83DAAFE03116B;
			remoteInfo = Introspect;
		};
		906BEE3F23E14CA2008CB805 /* PBXContainerItemProxy */ = {
			isa = PBXContainerItemProxy;
			containerPortal = 4C0F61A023543DE100A56D14 /* Pods.xcodeproj */;
			proxyType = 2;
			remoteGlobalIDString = F20D0F475AD94970E52A96B1F84EC209;
			remoteInfo = "CameraKit-iOS";
		};
/* End PBXContainerItemProxy section */

/* Begin PBXFileReference section */
		12D1BD8F9D8E7FE8B830FE56 /* Pods-tent_ios.debug.xcconfig */ = {isa = PBXFileReference; includeInIndex = 1; lastKnownFileType = text.xcconfig; name = "Pods-tent_ios.debug.xcconfig"; path = "Pods/Target Support Files/Pods-tent_ios/Pods-tent_ios.debug.xcconfig"; sourceTree = "<group>"; };
		4C06CC9B237FA2E700201425 /* LoadingView.swift */ = {isa = PBXFileReference; lastKnownFileType = sourcecode.swift; path = LoadingView.swift; sourceTree = "<group>"; };
		4C06CCB1237FAC6E00201425 /* TentLocation.swift */ = {isa = PBXFileReference; lastKnownFileType = sourcecode.swift; path = TentLocation.swift; sourceTree = "<group>"; };
		4C0F619E2353EF1D00A56D14 /* UploadManager.swift */ = {isa = PBXFileReference; lastKnownFileType = sourcecode.swift; path = UploadManager.swift; sourceTree = "<group>"; };
		4C0F61A023543DE100A56D14 /* Pods.xcodeproj */ = {isa = PBXFileReference; lastKnownFileType = "wrapper.pb-project"; name = Pods.xcodeproj; path = Pods/Pods.xcodeproj; sourceTree = "<group>"; };
		4C28D22923776B9A00C1B8BF /* CreationView.swift */ = {isa = PBXFileReference; lastKnownFileType = sourcecode.swift; path = CreationView.swift; sourceTree = "<group>"; };
		4C28D23F23776E6800C1B8BF /* MapView.swift */ = {isa = PBXFileReference; lastKnownFileType = sourcecode.swift; path = MapView.swift; sourceTree = "<group>"; };
		4C28D26B2377E89D00C1B8BF /* LocationService.swift */ = {isa = PBXFileReference; lastKnownFileType = sourcecode.swift; path = LocationService.swift; sourceTree = "<group>"; };
		4C92D7792355860A00646CFB /* GalleryView.swift */ = {isa = PBXFileReference; lastKnownFileType = sourcecode.swift; path = GalleryView.swift; sourceTree = "<group>"; };
		4C92D78B23558BFF00646CFB /* TentContent.swift */ = {isa = PBXFileReference; lastKnownFileType = sourcecode.swift; path = TentContent.swift; sourceTree = "<group>"; };
		4C9C5B23237513C300B0C315 /* TentConfig.swift */ = {isa = PBXFileReference; lastKnownFileType = sourcecode.swift; path = TentConfig.swift; sourceTree = "<group>"; };
		4CAC58DF2353AD2100184DEE /* Camera.swift */ = {isa = PBXFileReference; lastKnownFileType = sourcecode.swift; path = Camera.swift; sourceTree = "<group>"; };
		4CAC58E12353DE4700184DEE /* GoogleService-Info.plist */ = {isa = PBXFileReference; fileEncoding = 4; lastKnownFileType = text.plist.xml; path = "GoogleService-Info.plist"; sourceTree = "<group>"; };
		4CC087092352D5070086A5B0 /* tent_ios.app */ = {isa = PBXFileReference; explicitFileType = wrapper.application; includeInIndex = 0; path = tent_ios.app; sourceTree = BUILT_PRODUCTS_DIR; };
		4CC0870C2352D5070086A5B0 /* AppDelegate.swift */ = {isa = PBXFileReference; lastKnownFileType = sourcecode.swift; path = AppDelegate.swift; sourceTree = "<group>"; };
		4CC0870E2352D5070086A5B0 /* SceneDelegate.swift */ = {isa = PBXFileReference; lastKnownFileType = sourcecode.swift; path = SceneDelegate.swift; sourceTree = "<group>"; };
		4CC087102352D5070086A5B0 /* ContentView.swift */ = {isa = PBXFileReference; lastKnownFileType = sourcecode.swift; path = ContentView.swift; sourceTree = "<group>"; };
		4CC087122352D5090086A5B0 /* Assets.xcassets */ = {isa = PBXFileReference; lastKnownFileType = folder.assetcatalog; path = Assets.xcassets; sourceTree = "<group>"; };
		4CC087152352D5090086A5B0 /* Preview Assets.xcassets */ = {isa = PBXFileReference; lastKnownFileType = folder.assetcatalog; path = "Preview Assets.xcassets"; sourceTree = "<group>"; };
		4CC087182352D5090086A5B0 /* Base */ = {isa = PBXFileReference; lastKnownFileType = file.storyboard; name = Base; path = Base.lproj/LaunchScreen.storyboard; sourceTree = "<group>"; };
		4CC0871A2352D5090086A5B0 /* Info.plist */ = {isa = PBXFileReference; lastKnownFileType = text.plist.xml; path = Info.plist; sourceTree = "<group>"; };
		4CC087202352DE860086A5B0 /* CameraView.swift */ = {isa = PBXFileReference; lastKnownFileType = sourcecode.swift; path = CameraView.swift; sourceTree = "<group>"; };
		4CFA82FE2373CF5A005348A3 /* JoinView.swift */ = {isa = PBXFileReference; lastKnownFileType = sourcecode.swift; path = JoinView.swift; sourceTree = "<group>"; };
		4CFA83112373DA63005348A3 /* TentManager.swift */ = {isa = PBXFileReference; lastKnownFileType = sourcecode.swift; path = TentManager.swift; sourceTree = "<group>"; };
		51C3FB8191D010CACF06DC68 /* Pods_tent_ios.framework */ = {isa = PBXFileReference; explicitFileType = wrapper.framework; includeInIndex = 0; path = Pods_tent_ios.framework; sourceTree = BUILT_PRODUCTS_DIR; };
		9013C01323D291630091BE73 /* MenuButton.swift */ = {isa = PBXFileReference; fileEncoding = 4; lastKnownFileType = sourcecode.swift; name = MenuButton.swift; path = ../../../UIMockUps/UIMockUps/MenuButton.swift; sourceTree = "<group>"; };
		901B863F23C801750095C0F8 /* CameraSnapView.swift */ = {isa = PBXFileReference; lastKnownFileType = sourcecode.swift; path = CameraSnapView.swift; sourceTree = "<group>"; };
		9045E4D723D961AA00CE5618 /* TentData.swift */ = {isa = PBXFileReference; lastKnownFileType = sourcecode.swift; path = TentData.swift; sourceTree = "<group>"; };
		9045E4D923D9735B00CE5618 /* MapView2.swift */ = {isa = PBXFileReference; fileEncoding = 4; lastKnownFileType = sourcecode.swift; name = MapView2.swift; path = ../../../UIMockUps/UIMockUps/MapView2.swift; sourceTree = "<group>"; };
		906BEE2123E14CA1008CB805 /* CameraKit.swift */ = {isa = PBXFileReference; lastKnownFileType = sourcecode.swift; path = CameraKit.swift; sourceTree = "<group>"; };
		906BEE4123E14D1B008CB805 /* CameraKitView.swift */ = {isa = PBXFileReference; lastKnownFileType = sourcecode.swift; path = CameraKitView.swift; sourceTree = "<group>"; };
		9072821923D69AD40091BE14 /* TentInfoComponent.swift */ = {isa = PBXFileReference; lastKnownFileType = sourcecode.swift; path = TentInfoComponent.swift; sourceTree = "<group>"; };
		9072823623D6B2D30091BE14 /* InfoView.swift */ = {isa = PBXFileReference; lastKnownFileType = sourcecode.swift; path = InfoView.swift; sourceTree = "<group>"; };
		907A4A1223DD72000090AD6A /* ColumnStack.swift */ = {isa = PBXFileReference; fileEncoding = 4; lastKnownFileType = sourcecode.swift; name = ColumnStack.swift; path = ../../../UIMockUps/UIMockUps/ColumnStack.swift; sourceTree = "<group>"; };
		907A4A1323DD72000090AD6A /* RowStack.swift */ = {isa = PBXFileReference; fileEncoding = 4; lastKnownFileType = sourcecode.swift; name = RowStack.swift; path = ../../../UIMockUps/UIMockUps/RowStack.swift; sourceTree = "<group>"; };
		907CE19E23DE956D00FF2E14 /* CanvasView.swift */ = {isa = PBXFileReference; lastKnownFileType = sourcecode.swift; path = CanvasView.swift; sourceTree = "<group>"; };
		907CE1A023DE99A900FF2E14 /* Canvas.swift */ = {isa = PBXFileReference; lastKnownFileType = sourcecode.swift; path = Canvas.swift; sourceTree = "<group>"; };
		90A4CC4023DAF42700F049F1 /* AlertService.swift */ = {isa = PBXFileReference; lastKnownFileType = sourcecode.swift; path = AlertService.swift; sourceTree = "<group>"; };
		90BC414A23DADDF400C3FA41 /* noLabels.json */ = {isa = PBXFileReference; lastKnownFileType = text.json; path = noLabels.json; sourceTree = "<group>"; };
		90C47F3223DC244B00B0A23D /* TentGallery.swift */ = {isa = PBXFileReference; lastKnownFileType = sourcecode.swift; path = TentGallery.swift; sourceTree = "<group>"; };
		90C47F4F23DC25EC00B0A23D /* Tentimage.swift */ = {isa = PBXFileReference; lastKnownFileType = sourcecode.swift; path = Tentimage.swift; sourceTree = "<group>"; };
		90C47F5123DCD9E400B0A23D /* TImage.swift */ = {isa = PBXFileReference; lastKnownFileType = sourcecode.swift; path = TImage.swift; sourceTree = "<group>"; };
		90E60D2F238122E900C6E502 /* BlurView.swift */ = {isa = PBXFileReference; lastKnownFileType = sourcecode.swift; path = BlurView.swift; sourceTree = "<group>"; };
		90EA973323D98CF600FFBEF4 /* LoadingViewService.swift */ = {isa = PBXFileReference; lastKnownFileType = sourcecode.swift; path = LoadingViewService.swift; sourceTree = "<group>"; };
		90F9983923D423C300B4C2C6 /* BlurContainer.swift */ = {isa = PBXFileReference; lastKnownFileType = sourcecode.swift; path = BlurContainer.swift; sourceTree = "<group>"; };
		9C2A77E255123014A3875B7C /* Pods-tent_ios.release.xcconfig */ = {isa = PBXFileReference; includeInIndex = 1; lastKnownFileType = text.xcconfig; name = "Pods-tent_ios.release.xcconfig"; path = "Pods/Target Support Files/Pods-tent_ios/Pods-tent_ios.release.xcconfig"; sourceTree = "<group>"; };
/* End PBXFileReference section */

/* Begin PBXFrameworksBuildPhase section */
		4CC087062352D5070086A5B0 /* Frameworks */ = {
			isa = PBXFrameworksBuildPhase;
			buildActionMask = 2147483647;
			files = (
				4C92D792235596A400646CFB /* Kingfisher in Frameworks */,
				4C92D790235596A400646CFB /* KingfisherSwiftUI in Frameworks */,
				2E28A2B129AE26A921DC557D /* Pods_tent_ios.framework in Frameworks */,
			);
			runOnlyForDeploymentPostprocessing = 0;
		};
/* End PBXFrameworksBuildPhase section */

/* Begin PBXGroup section */
		4C06CCB0237FA61300201425 /* Components */ = {
			isa = PBXGroup;
			children = (
				901B863F23C801750095C0F8 /* CameraSnapView.swift */,
				9013C01323D291630091BE73 /* MenuButton.swift */,
				90F9983923D423C300B4C2C6 /* BlurContainer.swift */,
				4C28D23F23776E6800C1B8BF /* MapView.swift */,
				9045E4D923D9735B00CE5618 /* MapView2.swift */,
				90C47F5123DCD9E400B0A23D /* TImage.swift */,
				90E60D2F238122E900C6E502 /* BlurView.swift */,
				4C06CC9B237FA2E700201425 /* LoadingView.swift */,
				9072821923D69AD40091BE14 /* TentInfoComponent.swift */,
				4CC087202352DE860086A5B0 /* CameraView.swift */,
				906BEE4123E14D1B008CB805 /* CameraKitView.swift */,
			);
			path = Components;
			sourceTree = "<group>";
		};
		4C0F61A123543DE100A56D14 /* Products */ = {
			isa = PBXGroup;
			children = (
				4C0F61B423543DE100A56D14 /* openssl_grpc.framework */,
				906BEE4023E14CA2008CB805 /* CameraKit_iOS.framework */,
				4C0F61B623543DE100A56D14 /* FirebaseAuth.framework */,
				4C0F61B823543DE100A56D14 /* FirebaseCore.framework */,
				4CFA83272373DA63005348A3 /* FirebaseCoreDiagnostics.framework */,
				4C0F61BA23543DE100A56D14 /* FirebaseFirestore.framework */,
				4CFA83292373DA63005348A3 /* FirebaseFunctions.framework */,
				4C0F61BC23543DE100A56D14 /* FirebaseInstanceID.framework */,
				4C0F61BE23543DE100A56D14 /* FirebaseStorage.framework */,
				4C0F61C023543DE100A56D14 /* GoogleDataTransport.framework */,
				4CFA832B2373DA63005348A3 /* GoogleDataTransportCCTSupport.framework */,
				4C0F61C223543DE100A56D14 /* GoogleUtilities.framework */,
				4C0F61C423543DE100A56D14 /* grpcpp.framework */,
				4C0F61C623543DE100A56D14 /* gRPCCertificates-Cpp.bundle */,
				4C0F61C823543DE100A56D14 /* grpc.framework */,
				4C0F61CA23543DE100A56D14 /* GTMSessionFetcher.framework */,
				901B865D23C801760095C0F8 /* Introspect.framework */,
				4C0F61CC23543DE100A56D14 /* leveldb.framework */,
				4C0F61CE23543DE100A56D14 /* nanopb.framework */,
				4C0F61D023543DE100A56D14 /* Pods_tent_ios.framework */,
				4C0F61D223543DE100A56D14 /* Protobuf.framework */,
			);
			name = Products;
			sourceTree = "<group>";
		};
		4C28D213237549FE00C1B8BF /* Models */ = {
			isa = PBXGroup;
			children = (
				4C92D78B23558BFF00646CFB /* TentContent.swift */,
				90C47F4F23DC25EC00B0A23D /* Tentimage.swift */,
				90C47F3223DC244B00B0A23D /* TentGallery.swift */,
				4C06CCB1237FAC6E00201425 /* TentLocation.swift */,
				4C9C5B23237513C300B0C315 /* TentConfig.swift */,
				9045E4D723D961AA00CE5618 /* TentData.swift */,
			);
			path = Models;
			sourceTree = "<group>";
		};
		4C28D22723754A3F00C1B8BF /* MainPages */ = {
			isa = PBXGroup;
			children = (
				9072823623D6B2D30091BE14 /* InfoView.swift */,
				4C92D7792355860A00646CFB /* GalleryView.swift */,
				4CFA82FE2373CF5A005348A3 /* JoinView.swift */,
				4C28D22923776B9A00C1B8BF /* CreationView.swift */,
			);
			path = MainPages;
			sourceTree = "<group>";
		};
		4C28D2AC2379279D00C1B8BF /* Managers */ = {
			isa = PBXGroup;
			children = (
				4C28D26B2377E89D00C1B8BF /* LocationService.swift */,
				4CFA83112373DA63005348A3 /* TentManager.swift */,
				90EA973323D98CF600FFBEF4 /* LoadingViewService.swift */,
				90A4CC4023DAF42700F049F1 /* AlertService.swift */,
				4C0F619E2353EF1D00A56D14 /* UploadManager.swift */,
			);
			path = Managers;
			sourceTree = "<group>";
		};
		4CC087002352D5070086A5B0 = {
			isa = PBXGroup;
			children = (
				4CC0870B2352D5070086A5B0 /* tent_ios */,
				4CC0870A2352D5070086A5B0 /* Products */,
				ED4AF1108802D9A97A856FFF /* Pods */,
				8C51DB2995A13A1DBBB28C0A /* Frameworks */,
			);
			sourceTree = "<group>";
		};
		4CC0870A2352D5070086A5B0 /* Products */ = {
			isa = PBXGroup;
			children = (
				4CC087092352D5070086A5B0 /* tent_ios.app */,
			);
			name = Products;
			sourceTree = "<group>";
		};
		4CC0870B2352D5070086A5B0 /* tent_ios */ = {
			isa = PBXGroup;
			children = (
				4CC0870C2352D5070086A5B0 /* AppDelegate.swift */,
				4CC0870E2352D5070086A5B0 /* SceneDelegate.swift */,
				4CC087102352D5070086A5B0 /* ContentView.swift */,
				4CAC58DF2353AD2100184DEE /* Camera.swift */,
				907CE1A023DE99A900FF2E14 /* Canvas.swift */,
				906BEE2123E14CA1008CB805 /* CameraKit.swift */,
				907CE18223DE94E200FF2E14 /* PencilKit */,
				907A49F623DD71E00090AD6A /* LayoutContainers */,
				4C06CCB0237FA61300201425 /* Components */,
				4C28D22723754A3F00C1B8BF /* MainPages */,
				4C28D213237549FE00C1B8BF /* Models */,
				4C28D2AC2379279D00C1B8BF /* Managers */,
				4CC087122352D5090086A5B0 /* Assets.xcassets */,
				4CC087172352D5090086A5B0 /* LaunchScreen.storyboard */,
				4CC0871A2352D5090086A5B0 /* Info.plist */,
				90BC414A23DADDF400C3FA41 /* noLabels.json */,
				4CAC58E12353DE4700184DEE /* GoogleService-Info.plist */,
				4CC087142352D5090086A5B0 /* Preview Content */,
			);
			path = tent_ios;
			sourceTree = "<group>";
		};
		4CC087142352D5090086A5B0 /* Preview Content */ = {
			isa = PBXGroup;
			children = (
				4CC087152352D5090086A5B0 /* Preview Assets.xcassets */,
			);
			path = "Preview Content";
			sourceTree = "<group>";
		};
		8C51DB2995A13A1DBBB28C0A /* Frameworks */ = {
			isa = PBXGroup;
			children = (
				4C0F61A023543DE100A56D14 /* Pods.xcodeproj */,
				51C3FB8191D010CACF06DC68 /* Pods_tent_ios.framework */,
			);
			name = Frameworks;
			sourceTree = "<group>";
		};
		907A49F623DD71E00090AD6A /* LayoutContainers */ = {
			isa = PBXGroup;
			children = (
				907A4A1223DD72000090AD6A /* ColumnStack.swift */,
				907A4A1323DD72000090AD6A /* RowStack.swift */,
			);
			path = LayoutContainers;
			sourceTree = "<group>";
		};
		907CE18223DE94E200FF2E14 /* PencilKit */ = {
			isa = PBXGroup;
			children = (
				907CE19E23DE956D00FF2E14 /* CanvasView.swift */,
			);
			path = PencilKit;
			sourceTree = "<group>";
		};
		ED4AF1108802D9A97A856FFF /* Pods */ = {
			isa = PBXGroup;
			children = (
				12D1BD8F9D8E7FE8B830FE56 /* Pods-tent_ios.debug.xcconfig */,
				9C2A77E255123014A3875B7C /* Pods-tent_ios.release.xcconfig */,
			);
			name = Pods;
			sourceTree = "<group>";
		};
/* End PBXGroup section */

/* Begin PBXNativeTarget section */
		4CC087082352D5070086A5B0 /* tent_ios */ = {
			isa = PBXNativeTarget;
			buildConfigurationList = 4CC0871D2352D5090086A5B0 /* Build configuration list for PBXNativeTarget "tent_ios" */;
			buildPhases = (
				59B9686D022929C67DB971FB /* [CP] Check Pods Manifest.lock */,
				4CC087052352D5070086A5B0 /* Sources */,
				4CC087062352D5070086A5B0 /* Frameworks */,
				4CC087072352D5070086A5B0 /* Resources */,
				C0116B47ECCAD3E76CC2CF26 /* [CP] Embed Pods Frameworks */,
				257AF85699C8FB1101222A70 /* [CP] Copy Pods Resources */,
			);
			buildRules = (
			);
			dependencies = (
			);
			name = tent_ios;
			packageProductDependencies = (
				4C92D78F235596A400646CFB /* KingfisherSwiftUI */,
				4C92D791235596A400646CFB /* Kingfisher */,
			);
			productName = tent_ios;
			productReference = 4CC087092352D5070086A5B0 /* tent_ios.app */;
			productType = "com.apple.product-type.application";
		};
/* End PBXNativeTarget section */

/* Begin PBXProject section */
		4CC087012352D5070086A5B0 /* Project object */ = {
			isa = PBXProject;
			attributes = {
				LastSwiftUpdateCheck = 1110;
				LastUpgradeCheck = 1110;
				ORGANIZATIONNAME = "Nabhan Maswood";
				TargetAttributes = {
					4CC087082352D5070086A5B0 = {
						CreatedOnToolsVersion = 11.1;
					};
				};
			};
			buildConfigurationList = 4CC087042352D5070086A5B0 /* Build configuration list for PBXProject "tent_ios" */;
			compatibilityVersion = "Xcode 9.3";
			developmentRegion = en;
			hasScannedForEncodings = 0;
			knownRegions = (
				en,
				Base,
			);
			mainGroup = 4CC087002352D5070086A5B0;
			packageReferences = (
				4C92D78E235596A400646CFB /* XCRemoteSwiftPackageReference "Kingfisher" */,
			);
			productRefGroup = 4CC0870A2352D5070086A5B0 /* Products */;
			projectDirPath = "";
			projectReferences = (
				{
					ProductGroup = 4C0F61A123543DE100A56D14 /* Products */;
					ProjectRef = 4C0F61A023543DE100A56D14 /* Pods.xcodeproj */;
				},
			);
			projectRoot = "";
			targets = (
				4CC087082352D5070086A5B0 /* tent_ios */,
			);
		};
/* End PBXProject section */

/* Begin PBXReferenceProxy section */
		4C0F61B423543DE100A56D14 /* openssl_grpc.framework */ = {
			isa = PBXReferenceProxy;
			fileType = wrapper.framework;
			path = openssl_grpc.framework;
			remoteRef = 4C0F61B323543DE100A56D14 /* PBXContainerItemProxy */;
			sourceTree = BUILT_PRODUCTS_DIR;
		};
		4C0F61B623543DE100A56D14 /* FirebaseAuth.framework */ = {
			isa = PBXReferenceProxy;
			fileType = wrapper.framework;
			path = FirebaseAuth.framework;
			remoteRef = 4C0F61B523543DE100A56D14 /* PBXContainerItemProxy */;
			sourceTree = BUILT_PRODUCTS_DIR;
		};
		4C0F61B823543DE100A56D14 /* FirebaseCore.framework */ = {
			isa = PBXReferenceProxy;
			fileType = wrapper.framework;
			path = FirebaseCore.framework;
			remoteRef = 4C0F61B723543DE100A56D14 /* PBXContainerItemProxy */;
			sourceTree = BUILT_PRODUCTS_DIR;
		};
		4C0F61BA23543DE100A56D14 /* FirebaseFirestore.framework */ = {
			isa = PBXReferenceProxy;
			fileType = wrapper.framework;
			path = FirebaseFirestore.framework;
			remoteRef = 4C0F61B923543DE100A56D14 /* PBXContainerItemProxy */;
			sourceTree = BUILT_PRODUCTS_DIR;
		};
		4C0F61BC23543DE100A56D14 /* FirebaseInstanceID.framework */ = {
			isa = PBXReferenceProxy;
			fileType = wrapper.framework;
			path = FirebaseInstanceID.framework;
			remoteRef = 4C0F61BB23543DE100A56D14 /* PBXContainerItemProxy */;
			sourceTree = BUILT_PRODUCTS_DIR;
		};
		4C0F61BE23543DE100A56D14 /* FirebaseStorage.framework */ = {
			isa = PBXReferenceProxy;
			fileType = wrapper.framework;
			path = FirebaseStorage.framework;
			remoteRef = 4C0F61BD23543DE100A56D14 /* PBXContainerItemProxy */;
			sourceTree = BUILT_PRODUCTS_DIR;
		};
		4C0F61C023543DE100A56D14 /* GoogleDataTransport.framework */ = {
			isa = PBXReferenceProxy;
			fileType = wrapper.framework;
			path = GoogleDataTransport.framework;
			remoteRef = 4C0F61BF23543DE100A56D14 /* PBXContainerItemProxy */;
			sourceTree = BUILT_PRODUCTS_DIR;
		};
		4C0F61C223543DE100A56D14 /* GoogleUtilities.framework */ = {
			isa = PBXReferenceProxy;
			fileType = wrapper.framework;
			path = GoogleUtilities.framework;
			remoteRef = 4C0F61C123543DE100A56D14 /* PBXContainerItemProxy */;
			sourceTree = BUILT_PRODUCTS_DIR;
		};
		4C0F61C423543DE100A56D14 /* grpcpp.framework */ = {
			isa = PBXReferenceProxy;
			fileType = wrapper.framework;
			path = grpcpp.framework;
			remoteRef = 4C0F61C323543DE100A56D14 /* PBXContainerItemProxy */;
			sourceTree = BUILT_PRODUCTS_DIR;
		};
		4C0F61C623543DE100A56D14 /* gRPCCertificates-Cpp.bundle */ = {
			isa = PBXReferenceProxy;
			fileType = wrapper.cfbundle;
			path = "gRPCCertificates-Cpp.bundle";
			remoteRef = 4C0F61C523543DE100A56D14 /* PBXContainerItemProxy */;
			sourceTree = BUILT_PRODUCTS_DIR;
		};
		4C0F61C823543DE100A56D14 /* grpc.framework */ = {
			isa = PBXReferenceProxy;
			fileType = wrapper.framework;
			path = grpc.framework;
			remoteRef = 4C0F61C723543DE100A56D14 /* PBXContainerItemProxy */;
			sourceTree = BUILT_PRODUCTS_DIR;
		};
		4C0F61CA23543DE100A56D14 /* GTMSessionFetcher.framework */ = {
			isa = PBXReferenceProxy;
			fileType = wrapper.framework;
			path = GTMSessionFetcher.framework;
			remoteRef = 4C0F61C923543DE100A56D14 /* PBXContainerItemProxy */;
			sourceTree = BUILT_PRODUCTS_DIR;
		};
		4C0F61CC23543DE100A56D14 /* leveldb.framework */ = {
			isa = PBXReferenceProxy;
			fileType = wrapper.framework;
			path = leveldb.framework;
			remoteRef = 4C0F61CB23543DE100A56D14 /* PBXContainerItemProxy */;
			sourceTree = BUILT_PRODUCTS_DIR;
		};
		4C0F61CE23543DE100A56D14 /* nanopb.framework */ = {
			isa = PBXReferenceProxy;
			fileType = wrapper.framework;
			path = nanopb.framework;
			remoteRef = 4C0F61CD23543DE100A56D14 /* PBXContainerItemProxy */;
			sourceTree = BUILT_PRODUCTS_DIR;
		};
		4C0F61D023543DE100A56D14 /* Pods_tent_ios.framework */ = {
			isa = PBXReferenceProxy;
			fileType = wrapper.framework;
			path = Pods_tent_ios.framework;
			remoteRef = 4C0F61CF23543DE100A56D14 /* PBXContainerItemProxy */;
			sourceTree = BUILT_PRODUCTS_DIR;
		};
		4C0F61D223543DE100A56D14 /* Protobuf.framework */ = {
			isa = PBXReferenceProxy;
			fileType = wrapper.framework;
			path = Protobuf.framework;
			remoteRef = 4C0F61D123543DE100A56D14 /* PBXContainerItemProxy */;
			sourceTree = BUILT_PRODUCTS_DIR;
		};
		4CFA83272373DA63005348A3 /* FirebaseCoreDiagnostics.framework */ = {
			isa = PBXReferenceProxy;
			fileType = wrapper.framework;
			path = FirebaseCoreDiagnostics.framework;
			remoteRef = 4CFA83262373DA63005348A3 /* PBXContainerItemProxy */;
			sourceTree = BUILT_PRODUCTS_DIR;
		};
		4CFA83292373DA63005348A3 /* FirebaseFunctions.framework */ = {
			isa = PBXReferenceProxy;
			fileType = wrapper.framework;
			path = FirebaseFunctions.framework;
			remoteRef = 4CFA83282373DA63005348A3 /* PBXContainerItemProxy */;
			sourceTree = BUILT_PRODUCTS_DIR;
		};
		4CFA832B2373DA63005348A3 /* GoogleDataTransportCCTSupport.framework */ = {
			isa = PBXReferenceProxy;
			fileType = wrapper.framework;
			path = GoogleDataTransportCCTSupport.framework;
			remoteRef = 4CFA832A2373DA63005348A3 /* PBXContainerItemProxy */;
			sourceTree = BUILT_PRODUCTS_DIR;
		};
		901B865D23C801760095C0F8 /* Introspect.framework */ = {
			isa = PBXReferenceProxy;
			fileType = wrapper.framework;
			path = Introspect.framework;
			remoteRef = 901B865C23C801760095C0F8 /* PBXContainerItemProxy */;
			sourceTree = BUILT_PRODUCTS_DIR;
		};
		906BEE4023E14CA2008CB805 /* CameraKit_iOS.framework */ = {
			isa = PBXReferenceProxy;
			fileType = wrapper.framework;
			path = CameraKit_iOS.framework;
			remoteRef = 906BEE3F23E14CA2008CB805 /* PBXContainerItemProxy */;
			sourceTree = BUILT_PRODUCTS_DIR;
		};
/* End PBXReferenceProxy section */

/* Begin PBXResourcesBuildPhase section */
		4CC087072352D5070086A5B0 /* Resources */ = {
			isa = PBXResourcesBuildPhase;
			buildActionMask = 2147483647;
			files = (
				4CC087192352D5090086A5B0 /* LaunchScreen.storyboard in Resources */,
				4CAC58E22353DE4700184DEE /* GoogleService-Info.plist in Resources */,
				4CC087162352D5090086A5B0 /* Preview Assets.xcassets in Resources */,
				4CC087132352D5090086A5B0 /* Assets.xcassets in Resources */,
				90BC414B23DADDF400C3FA41 /* noLabels.json in Resources */,
			);
			runOnlyForDeploymentPostprocessing = 0;
		};
/* End PBXResourcesBuildPhase section */

/* Begin PBXShellScriptBuildPhase section */
		257AF85699C8FB1101222A70 /* [CP] Copy Pods Resources */ = {
			isa = PBXShellScriptBuildPhase;
			buildActionMask = 2147483647;
			files = (
			);
			inputFileListPaths = (
				"${PODS_ROOT}/Target Support Files/Pods-tent_ios/Pods-tent_ios-resources-${CONFIGURATION}-input-files.xcfilelist",
			);
			name = "[CP] Copy Pods Resources";
			outputFileListPaths = (
				"${PODS_ROOT}/Target Support Files/Pods-tent_ios/Pods-tent_ios-resources-${CONFIGURATION}-output-files.xcfilelist",
			);
			runOnlyForDeploymentPostprocessing = 0;
			shellPath = /bin/sh;
			shellScript = "\"${PODS_ROOT}/Target Support Files/Pods-tent_ios/Pods-tent_ios-resources.sh\"\n";
			showEnvVarsInLog = 0;
		};
		59B9686D022929C67DB971FB /* [CP] Check Pods Manifest.lock */ = {
			isa = PBXShellScriptBuildPhase;
			buildActionMask = 2147483647;
			files = (
			);
			inputFileListPaths = (
			);
			inputPaths = (
				"${PODS_PODFILE_DIR_PATH}/Podfile.lock",
				"${PODS_ROOT}/Manifest.lock",
			);
			name = "[CP] Check Pods Manifest.lock";
			outputFileListPaths = (
			);
			outputPaths = (
				"$(DERIVED_FILE_DIR)/Pods-tent_ios-checkManifestLockResult.txt",
			);
			runOnlyForDeploymentPostprocessing = 0;
			shellPath = /bin/sh;
			shellScript = "diff \"${PODS_PODFILE_DIR_PATH}/Podfile.lock\" \"${PODS_ROOT}/Manifest.lock\" > /dev/null\nif [ $? != 0 ] ; then\n    # print error to STDERR\n    echo \"error: The sandbox is not in sync with the Podfile.lock. Run 'pod install' or update your CocoaPods installation.\" >&2\n    exit 1\nfi\n# This output is used by Xcode 'outputs' to avoid re-running this script phase.\necho \"SUCCESS\" > \"${SCRIPT_OUTPUT_FILE_0}\"\n";
			showEnvVarsInLog = 0;
		};
		C0116B47ECCAD3E76CC2CF26 /* [CP] Embed Pods Frameworks */ = {
			isa = PBXShellScriptBuildPhase;
			buildActionMask = 2147483647;
			files = (
			);
			inputFileListPaths = (
				"${PODS_ROOT}/Target Support Files/Pods-tent_ios/Pods-tent_ios-frameworks-${CONFIGURATION}-input-files.xcfilelist",
			);
			name = "[CP] Embed Pods Frameworks";
			outputFileListPaths = (
				"${PODS_ROOT}/Target Support Files/Pods-tent_ios/Pods-tent_ios-frameworks-${CONFIGURATION}-output-files.xcfilelist",
			);
			runOnlyForDeploymentPostprocessing = 0;
			shellPath = /bin/sh;
			shellScript = "\"${PODS_ROOT}/Target Support Files/Pods-tent_ios/Pods-tent_ios-frameworks.sh\"\n";
			showEnvVarsInLog = 0;
		};
/* End PBXShellScriptBuildPhase section */

/* Begin PBXSourcesBuildPhase section */
		4CC087052352D5070086A5B0 /* Sources */ = {
			isa = PBXSourcesBuildPhase;
			buildActionMask = 2147483647;
			files = (
				4C28D22A23776B9A00C1B8BF /* CreationView.swift in Sources */,
				901B864023C801750095C0F8 /* CameraSnapView.swift in Sources */,
				907CE19F23DE956D00FF2E14 /* CanvasView.swift in Sources */,
				4C92D78C23558BFF00646CFB /* TentContent.swift in Sources */,
				4C06CCB2237FAC6E00201425 /* TentLocation.swift in Sources */,
				90C47F3323DC244B00B0A23D /* TentGallery.swift in Sources */,
				4C28D26C2377E89D00C1B8BF /* LocationService.swift in Sources */,
				907A4A1423DD72000090AD6A /* ColumnStack.swift in Sources */,
				4CC0870D2352D5070086A5B0 /* AppDelegate.swift in Sources */,
				9045E4D823D961AA00CE5618 /* TentData.swift in Sources */,
				90A4CC4123DAF42700F049F1 /* AlertService.swift in Sources */,
				906BEE2223E14CA1008CB805 /* CameraKit.swift in Sources */,
				90E60D30238122E900C6E502 /* BlurView.swift in Sources */,
				9045E4DA23D9735B00CE5618 /* MapView2.swift in Sources */,
				90F9983A23D423C300B4C2C6 /* BlurContainer.swift in Sources */,
				4CAC58E02353AD2100184DEE /* Camera.swift in Sources */,
				4C28D24023776E6800C1B8BF /* MapView.swift in Sources */,
				4C0F619F2353EF1D00A56D14 /* UploadManager.swift in Sources */,
				4C9C5B24237513C300B0C315 /* TentConfig.swift in Sources */,
				90C47F5023DC25EC00B0A23D /* Tentimage.swift in Sources */,
				4C06CC9C237FA2E700201425 /* LoadingView.swift in Sources */,
				9013C01423D291630091BE73 /* MenuButton.swift in Sources */,
				90C47F5223DCD9E400B0A23D /* TImage.swift in Sources */,
				906BEE4223E14D1B008CB805 /* CameraKitView.swift in Sources */,
				4CC0870F2352D5070086A5B0 /* SceneDelegate.swift in Sources */,
				907CE1A123DE99A900FF2E14 /* Canvas.swift in Sources */,
				4CC087112352D5070086A5B0 /* ContentView.swift in Sources */,
				907A4A1523DD72000090AD6A /* RowStack.swift in Sources */,
				9072823723D6B2D30091BE14 /* InfoView.swift in Sources */,
				9072821A23D69AD40091BE14 /* TentInfoComponent.swift in Sources */,
				4CC087212352DE860086A5B0 /* CameraView.swift in Sources */,
				4C92D77A2355860A00646CFB /* GalleryView.swift in Sources */,
				90EA973423D98CF600FFBEF4 /* LoadingViewService.swift in Sources */,
				4CFA82FF2373CF5A005348A3 /* JoinView.swift in Sources */,
				4CFA83122373DA63005348A3 /* TentManager.swift in Sources */,
			);
			runOnlyForDeploymentPostprocessing = 0;
		};
/* End PBXSourcesBuildPhase section */

/* Begin PBXVariantGroup section */
		4CC087172352D5090086A5B0 /* LaunchScreen.storyboard */ = {
			isa = PBXVariantGroup;
			children = (
				4CC087182352D5090086A5B0 /* Base */,
			);
			name = LaunchScreen.storyboard;
			sourceTree = "<group>";
		};
/* End PBXVariantGroup section */

/* Begin XCBuildConfiguration section */
		4CC0871B2352D5090086A5B0 /* Debug */ = {
			isa = XCBuildConfiguration;
			buildSettings = {
				ALWAYS_SEARCH_USER_PATHS = NO;
				CLANG_ANALYZER_NONNULL = YES;
				CLANG_ANALYZER_NUMBER_OBJECT_CONVERSION = YES_AGGRESSIVE;
				CLANG_CXX_LANGUAGE_STANDARD = "gnu++14";
				CLANG_CXX_LIBRARY = "libc++";
				CLANG_ENABLE_MODULES = YES;
				CLANG_ENABLE_OBJC_ARC = YES;
				CLANG_ENABLE_OBJC_WEAK = YES;
				CLANG_WARN_BLOCK_CAPTURE_AUTORELEASING = YES;
				CLANG_WARN_BOOL_CONVERSION = YES;
				CLANG_WARN_COMMA = YES;
				CLANG_WARN_CONSTANT_CONVERSION = YES;
				CLANG_WARN_DEPRECATED_OBJC_IMPLEMENTATIONS = YES;
				CLANG_WARN_DIRECT_OBJC_ISA_USAGE = YES_ERROR;
				CLANG_WARN_DOCUMENTATION_COMMENTS = YES;
				CLANG_WARN_EMPTY_BODY = YES;
				CLANG_WARN_ENUM_CONVERSION = YES;
				CLANG_WARN_INFINITE_RECURSION = YES;
				CLANG_WARN_INT_CONVERSION = YES;
				CLANG_WARN_NON_LITERAL_NULL_CONVERSION = YES;
				CLANG_WARN_OBJC_IMPLICIT_RETAIN_SELF = YES;
				CLANG_WARN_OBJC_LITERAL_CONVERSION = YES;
				CLANG_WARN_OBJC_ROOT_CLASS = YES_ERROR;
				CLANG_WARN_RANGE_LOOP_ANALYSIS = YES;
				CLANG_WARN_STRICT_PROTOTYPES = YES;
				CLANG_WARN_SUSPICIOUS_MOVE = YES;
				CLANG_WARN_UNGUARDED_AVAILABILITY = YES_AGGRESSIVE;
				CLANG_WARN_UNREACHABLE_CODE = YES;
				CLANG_WARN__DUPLICATE_METHOD_MATCH = YES;
				COPY_PHASE_STRIP = NO;
				DEBUG_INFORMATION_FORMAT = dwarf;
				ENABLE_STRICT_OBJC_MSGSEND = YES;
				ENABLE_TESTABILITY = YES;
				GCC_C_LANGUAGE_STANDARD = gnu11;
				GCC_DYNAMIC_NO_PIC = NO;
				GCC_NO_COMMON_BLOCKS = YES;
				GCC_OPTIMIZATION_LEVEL = 0;
				GCC_PREPROCESSOR_DEFINITIONS = (
					"DEBUG=1",
					"$(inherited)",
				);
				GCC_WARN_64_TO_32_BIT_CONVERSION = YES;
				GCC_WARN_ABOUT_RETURN_TYPE = YES_ERROR;
				GCC_WARN_UNDECLARED_SELECTOR = YES;
				GCC_WARN_UNINITIALIZED_AUTOS = YES_AGGRESSIVE;
				GCC_WARN_UNUSED_FUNCTION = YES;
				GCC_WARN_UNUSED_VARIABLE = YES;
				IPHONEOS_DEPLOYMENT_TARGET = 13.1;
				MTL_ENABLE_DEBUG_INFO = INCLUDE_SOURCE;
				MTL_FAST_MATH = YES;
				ONLY_ACTIVE_ARCH = YES;
				SDKROOT = iphoneos;
				SWIFT_ACTIVE_COMPILATION_CONDITIONS = DEBUG;
				SWIFT_OPTIMIZATION_LEVEL = "-Onone";
			};
			name = Debug;
		};
		4CC0871C2352D5090086A5B0 /* Release */ = {
			isa = XCBuildConfiguration;
			buildSettings = {
				ALWAYS_SEARCH_USER_PATHS = NO;
				CLANG_ANALYZER_NONNULL = YES;
				CLANG_ANALYZER_NUMBER_OBJECT_CONVERSION = YES_AGGRESSIVE;
				CLANG_CXX_LANGUAGE_STANDARD = "gnu++14";
				CLANG_CXX_LIBRARY = "libc++";
				CLANG_ENABLE_MODULES = YES;
				CLANG_ENABLE_OBJC_ARC = YES;
				CLANG_ENABLE_OBJC_WEAK = YES;
				CLANG_WARN_BLOCK_CAPTURE_AUTORELEASING = YES;
				CLANG_WARN_BOOL_CONVERSION = YES;
				CLANG_WARN_COMMA = YES;
				CLANG_WARN_CONSTANT_CONVERSION = YES;
				CLANG_WARN_DEPRECATED_OBJC_IMPLEMENTATIONS = YES;
				CLANG_WARN_DIRECT_OBJC_ISA_USAGE = YES_ERROR;
				CLANG_WARN_DOCUMENTATION_COMMENTS = YES;
				CLANG_WARN_EMPTY_BODY = YES;
				CLANG_WARN_ENUM_CONVERSION = YES;
				CLANG_WARN_INFINITE_RECURSION = YES;
				CLANG_WARN_INT_CONVERSION = YES;
				CLANG_WARN_NON_LITERAL_NULL_CONVERSION = YES;
				CLANG_WARN_OBJC_IMPLICIT_RETAIN_SELF = YES;
				CLANG_WARN_OBJC_LITERAL_CONVERSION = YES;
				CLANG_WARN_OBJC_ROOT_CLASS = YES_ERROR;
				CLANG_WARN_RANGE_LOOP_ANALYSIS = YES;
				CLANG_WARN_STRICT_PROTOTYPES = YES;
				CLANG_WARN_SUSPICIOUS_MOVE = YES;
				CLANG_WARN_UNGUARDED_AVAILABILITY = YES_AGGRESSIVE;
				CLANG_WARN_UNREACHABLE_CODE = YES;
				CLANG_WARN__DUPLICATE_METHOD_MATCH = YES;
				COPY_PHASE_STRIP = NO;
				DEBUG_INFORMATION_FORMAT = "dwarf-with-dsym";
				ENABLE_NS_ASSERTIONS = NO;
				ENABLE_STRICT_OBJC_MSGSEND = YES;
				GCC_C_LANGUAGE_STANDARD = gnu11;
				GCC_NO_COMMON_BLOCKS = YES;
				GCC_WARN_64_TO_32_BIT_CONVERSION = YES;
				GCC_WARN_ABOUT_RETURN_TYPE = YES_ERROR;
				GCC_WARN_UNDECLARED_SELECTOR = YES;
				GCC_WARN_UNINITIALIZED_AUTOS = YES_AGGRESSIVE;
				GCC_WARN_UNUSED_FUNCTION = YES;
				GCC_WARN_UNUSED_VARIABLE = YES;
				IPHONEOS_DEPLOYMENT_TARGET = 13.1;
				MTL_ENABLE_DEBUG_INFO = NO;
				MTL_FAST_MATH = YES;
				SDKROOT = iphoneos;
				SWIFT_COMPILATION_MODE = wholemodule;
				SWIFT_OPTIMIZATION_LEVEL = "-O";
				VALIDATE_PRODUCT = YES;
			};
			name = Release;
		};
		4CC0871E2352D5090086A5B0 /* Debug */ = {
			isa = XCBuildConfiguration;
			baseConfigurationReference = 12D1BD8F9D8E7FE8B830FE56 /* Pods-tent_ios.debug.xcconfig */;
			buildSettings = {
				ASSETCATALOG_COMPILER_APPICON_NAME = AppIcon;
				CODE_SIGN_STYLE = Automatic;
				DEVELOPMENT_ASSET_PATHS = "\"tent_ios/Preview Content\"";
				DEVELOPMENT_TEAM = FTTSN5QQ8N;
				ENABLE_PREVIEWS = YES;
				INFOPLIST_FILE = tent_ios/Info.plist;
				LD_RUNPATH_SEARCH_PATHS = (
					"$(inherited)",
					"@executable_path/Frameworks",
				);
				PRODUCT_BUNDLE_IDENTIFIER = com.nabhanmaswood.tent;
				PRODUCT_NAME = "$(TARGET_NAME)";
				SWIFT_VERSION = 5.0;
				TARGETED_DEVICE_FAMILY = "1,2";
			};
			name = Debug;
		};
		4CC0871F2352D5090086A5B0 /* Release */ = {
			isa = XCBuildConfiguration;
			baseConfigurationReference = 9C2A77E255123014A3875B7C /* Pods-tent_ios.release.xcconfig */;
			buildSettings = {
				ASSETCATALOG_COMPILER_APPICON_NAME = AppIcon;
				CODE_SIGN_STYLE = Automatic;
				DEVELOPMENT_ASSET_PATHS = "\"tent_ios/Preview Content\"";
				DEVELOPMENT_TEAM = FTTSN5QQ8N;
				ENABLE_PREVIEWS = YES;
				INFOPLIST_FILE = tent_ios/Info.plist;
				LD_RUNPATH_SEARCH_PATHS = (
					"$(inherited)",
					"@executable_path/Frameworks",
				);
				PRODUCT_BUNDLE_IDENTIFIER = com.nabhanmaswood.tent;
				PRODUCT_NAME = "$(TARGET_NAME)";
				SWIFT_VERSION = 5.0;
				TARGETED_DEVICE_FAMILY = "1,2";
			};
			name = Release;
		};
/* End XCBuildConfiguration section */

/* Begin XCConfigurationList section */
		4CC087042352D5070086A5B0 /* Build configuration list for PBXProject "tent_ios" */ = {
			isa = XCConfigurationList;
			buildConfigurations = (
				4CC0871B2352D5090086A5B0 /* Debug */,
				4CC0871C2352D5090086A5B0 /* Release */,
			);
			defaultConfigurationIsVisible = 0;
			defaultConfigurationName = Release;
		};
		4CC0871D2352D5090086A5B0 /* Build configuration list for PBXNativeTarget "tent_ios" */ = {
			isa = XCConfigurationList;
			buildConfigurations = (
				4CC0871E2352D5090086A5B0 /* Debug */,
				4CC0871F2352D5090086A5B0 /* Release */,
			);
			defaultConfigurationIsVisible = 0;
			defaultConfigurationName = Release;
		};
/* End XCConfigurationList section */

/* Begin XCRemoteSwiftPackageReference section */
		4C92D78E235596A400646CFB /* XCRemoteSwiftPackageReference "Kingfisher" */ = {
			isa = XCRemoteSwiftPackageReference;
			repositoryURL = "https://github.com/onevcat/Kingfisher.git";
			requirement = {
				kind = upToNextMajorVersion;
				minimumVersion = 5.8.3;
			};
		};
/* End XCRemoteSwiftPackageReference section */

/* Begin XCSwiftPackageProductDependency section */
		4C92D78F235596A400646CFB /* KingfisherSwiftUI */ = {
			isa = XCSwiftPackageProductDependency;
			package = 4C92D78E235596A400646CFB /* XCRemoteSwiftPackageReference "Kingfisher" */;
			productName = KingfisherSwiftUI;
		};
		4C92D791235596A400646CFB /* Kingfisher */ = {
			isa = XCSwiftPackageProductDependency;
			package = 4C92D78E235596A400646CFB /* XCRemoteSwiftPackageReference "Kingfisher" */;
			productName = Kingfisher;
		};
/* End XCSwiftPackageProductDependency section */
	};
	rootObject = 4CC087012352D5070086A5B0 /* Project object */;
}
